
Microsoft Visual Studio Solution File, Format Version 12.00
# Visual Studio 15
VisualStudioVersion = 15.0.28307.106
MinimumVisualStudioVersion = 10.0.40219.1
Project("{9A19103F-16F7-4668-BE54-9A1E7A4F7556}") = "aska.core.infrastructure.data", "aska.core.infrastructure.data\aska.core.infrastructure.data.csproj", "{68065A99-4EA2-48B9-AAC1-F87B73C3ACB4}"
EndProject
Project("{9A19103F-16F7-4668-BE54-9A1E7A4F7556}") = "aska.core.common", "aska.core.common\aska.core.common.csproj", "{92D3A08C-76D1-437D-B0AB-9379144BA851}"
EndProject
Project("{FAE04EC0-301F-11D3-BF4B-00C04F79EFBC}") = "aska.core.infrastructure.data.ef", "aska.core.infrastructure.data.ef\aska.core.infrastructure.data.ef.csproj", "{787923C9-90AB-43F2-9504-19416C6FF31E}"
EndProject
Global
	GlobalSection(SolutionConfigurationPlatforms) = preSolution
		Debug|Any CPU = Debug|Any CPU
		Release|Any CPU = Release|Any CPU
	EndGlobalSection
	GlobalSection(ProjectConfigurationPlatforms) = postSolution
		{68065A99-4EA2-48B9-AAC1-F87B73C3ACB4}.Debug|Any CPU.ActiveCfg = Debug|Any CPU
		{68065A99-4EA2-48B9-AAC1-F87B73C3ACB4}.Debug|Any CPU.Build.0 = Debug|Any CPU
		{68065A99-4EA2-48B9-AAC1-F87B73C3ACB4}.Release|Any CPU.ActiveCfg = Release|Any CPU
		{68065A99-4EA2-48B9-AAC1-F87B73C3ACB4}.Release|Any CPU.Build.0 = Release|Any CPU
		{92D3A08C-76D1-437D-B0AB-9379144BA851}.Debug|Any CPU.ActiveCfg = Debug|Any CPU
		{92D3A08C-76D1-437D-B0AB-9379144BA851}.Debug|Any CPU.Build.0 = Debug|Any CPU
		{92D3A08C-76D1-437D-B0AB-9379144BA851}.Release|Any CPU.ActiveCfg = Release|Any CPU
		{92D3A08C-76D1-437D-B0AB-9379144BA851}.Release|Any CPU.Build.0 = Release|Any CPU
		{787923C9-90AB-43F2-9504-19416C6FF31E}.Debug|Any CPU.ActiveCfg = Debug|Any CPU
		{787923C9-90AB-43F2-9504-19416C6FF31E}.Debug|Any CPU.Build.0 = Debug|Any CPU
		{787923C9-90AB-43F2-9504-19416C6FF31E}.Release|Any CPU.ActiveCfg = Release|Any CPU
		{787923C9-90AB-43F2-9504-19416C6FF31E}.Release|Any CPU.Build.0 = Release|Any CPU
	EndGlobalSection
	GlobalSection(SolutionProperties) = preSolution
		HideSolutionNode = FALSE
	EndGlobalSection
	GlobalSection(ExtensibilityGlobals) = postSolution
		SolutionGuid = {52759B52-B32F-4D25-8A65-570C7480F8B5}
	EndGlobalSection
EndGlobal
