
Microsoft Visual Studio Solution File, Format Version 12.00
# Visual Studio Version 16
VisualStudioVersion = 16.0.28721.148
MinimumVisualStudioVersion = 10.0.40219.1
Project("{FAE04EC0-301F-11D3-BF4B-00C04F79EFBC}") = "Aska.Core.Network", "Aska.Core.Network\Aska.Core.Network.csproj", "{A436654E-A499-4C30-8A91-2A616EC96BDD}"
EndProject
Project("{FAE04EC0-301F-11D3-BF4B-00C04F79EFBC}") = "Aska.Core.EntityStorage.Abstractions", "Aska.Core.EntityStorage.Abstractions\Aska.Core.EntityStorage.Abstractions.csproj", "{1C2B09D4-C15F-49A1-A6BB-F49B21B059BC}"
EndProject
Project("{FAE04EC0-301F-11D3-BF4B-00C04F79EFBC}") = "Aska.Core.EntityStorage.Ef", "Aska.Core.EntityStorage.Ef\Aska.Core.EntityStorage.Ef.csproj", "{766B8DBF-E00F-4433-9E9A-DF01D3FE72C7}"
EndProject
Project("{FAE04EC0-301F-11D3-BF4B-00C04F79EFBC}") = "Aska.Core.EntityStorage.Ef.MariaDb", "Aska.Core.EntityStorage.Ef.MariaDb\Aska.Core.EntityStorage.Ef.MariaDb.csproj", "{E4FC0953-0FC1-4CFE-8D5D-BDDDA5543D6E}"
EndProject
Project("{FAE04EC0-301F-11D3-BF4B-00C04F79EFBC}") = "Aska.Core.EntityStorage.Ef.PostgreSql", "Aska.Core.EntityStorage.Ef.PostgreSql\Aska.Core.EntityStorage.Ef.PostgreSql.csproj", "{378BDB29-EF6D-4C98-AC82-E6033EE90AD8}"
EndProject
Project("{FAE04EC0-301F-11D3-BF4B-00C04F79EFBC}") = "Aska.Core.EntityStorage.Ef.Sqlite", "Aska.Core.EntityStorage.Ef.Sqlite\Aska.Core.EntityStorage.Ef.Sqlite.csproj", "{24BC7E86-F0B1-425F-933A-ADF0294010DA}"
EndProject
Project("{FAE04EC0-301F-11D3-BF4B-00C04F79EFBC}") = "Aska.Core.EntityStorage.DemoApp", "Aska.Core.EntityStorage.DemoApp\Aska.Core.EntityStorage.DemoApp.csproj", "{683E176D-6E14-4C76-A4A1-4F032F67C206}"
EndProject
Project("{FAE04EC0-301F-11D3-BF4B-00C04F79EFBC}") = "Aska.Core.EntityStorage.Ef.MariaDb.Tests", "Aska.Core.EntityStorage.Ef.MariaDb.Tests\Aska.Core.EntityStorage.Ef.MariaDb.Tests.csproj", "{5366A78D-FA91-45C0-B291-BFDF35D1BC21}"
EndProject
Project("{FAE04EC0-301F-11D3-BF4B-00C04F79EFBC}") = "Aska.Core.EntityStorage.Ef.Tests", "Aska.Core.EntityStorage.Ef.Tests\Aska.Core.EntityStorage.Ef.Tests.csproj", "{802B9AF3-5D6D-48B4-9C95-38F93D93A82E}"
EndProject
Global
	GlobalSection(SolutionConfigurationPlatforms) = preSolution
		Debug|Any CPU = Debug|Any CPU
		Release|Any CPU = Release|Any CPU
	EndGlobalSection
	GlobalSection(ProjectConfigurationPlatforms) = postSolution
		{A436654E-A499-4C30-8A91-2A616EC96BDD}.Debug|Any CPU.ActiveCfg = Debug|Any CPU
		{A436654E-A499-4C30-8A91-2A616EC96BDD}.Debug|Any CPU.Build.0 = Debug|Any CPU
		{A436654E-A499-4C30-8A91-2A616EC96BDD}.Release|Any CPU.ActiveCfg = Release|Any CPU
		{A436654E-A499-4C30-8A91-2A616EC96BDD}.Release|Any CPU.Build.0 = Release|Any CPU
		{1C2B09D4-C15F-49A1-A6BB-F49B21B059BC}.Debug|Any CPU.ActiveCfg = Debug|Any CPU
		{1C2B09D4-C15F-49A1-A6BB-F49B21B059BC}.Debug|Any CPU.Build.0 = Debug|Any CPU
		{1C2B09D4-C15F-49A1-A6BB-F49B21B059BC}.Release|Any CPU.ActiveCfg = Release|Any CPU
		{1C2B09D4-C15F-49A1-A6BB-F49B21B059BC}.Release|Any CPU.Build.0 = Release|Any CPU
		{766B8DBF-E00F-4433-9E9A-DF01D3FE72C7}.Debug|Any CPU.ActiveCfg = Debug|Any CPU
		{766B8DBF-E00F-4433-9E9A-DF01D3FE72C7}.Debug|Any CPU.Build.0 = Debug|Any CPU
		{766B8DBF-E00F-4433-9E9A-DF01D3FE72C7}.Release|Any CPU.ActiveCfg = Release|Any CPU
		{766B8DBF-E00F-4433-9E9A-DF01D3FE72C7}.Release|Any CPU.Build.0 = Release|Any CPU
		{E4FC0953-0FC1-4CFE-8D5D-BDDDA5543D6E}.Debug|Any CPU.ActiveCfg = Debug|Any CPU
		{E4FC0953-0FC1-4CFE-8D5D-BDDDA5543D6E}.Debug|Any CPU.Build.0 = Debug|Any CPU
		{E4FC0953-0FC1-4CFE-8D5D-BDDDA5543D6E}.Release|Any CPU.ActiveCfg = Release|Any CPU
		{E4FC0953-0FC1-4CFE-8D5D-BDDDA5543D6E}.Release|Any CPU.Build.0 = Release|Any CPU
		{378BDB29-EF6D-4C98-AC82-E6033EE90AD8}.Debug|Any CPU.ActiveCfg = Debug|Any CPU
		{378BDB29-EF6D-4C98-AC82-E6033EE90AD8}.Debug|Any CPU.Build.0 = Debug|Any CPU
		{378BDB29-EF6D-4C98-AC82-E6033EE90AD8}.Release|Any CPU.ActiveCfg = Release|Any CPU
		{378BDB29-EF6D-4C98-AC82-E6033EE90AD8}.Release|Any CPU.Build.0 = Release|Any CPU
		{24BC7E86-F0B1-425F-933A-ADF0294010DA}.Debug|Any CPU.ActiveCfg = Debug|Any CPU
		{24BC7E86-F0B1-425F-933A-ADF0294010DA}.Debug|Any CPU.Build.0 = Debug|Any CPU
		{24BC7E86-F0B1-425F-933A-ADF0294010DA}.Release|Any CPU.ActiveCfg = Release|Any CPU
		{24BC7E86-F0B1-425F-933A-ADF0294010DA}.Release|Any CPU.Build.0 = Release|Any CPU
		{683E176D-6E14-4C76-A4A1-4F032F67C206}.Debug|Any CPU.ActiveCfg = Debug|Any CPU
		{683E176D-6E14-4C76-A4A1-4F032F67C206}.Debug|Any CPU.Build.0 = Debug|Any CPU
		{683E176D-6E14-4C76-A4A1-4F032F67C206}.Release|Any CPU.ActiveCfg = Release|Any CPU
		{683E176D-6E14-4C76-A4A1-4F032F67C206}.Release|Any CPU.Build.0 = Release|Any CPU
		{5366A78D-FA91-45C0-B291-BFDF35D1BC21}.Debug|Any CPU.ActiveCfg = Debug|Any CPU
		{5366A78D-FA91-45C0-B291-BFDF35D1BC21}.Debug|Any CPU.Build.0 = Debug|Any CPU
		{5366A78D-FA91-45C0-B291-BFDF35D1BC21}.Release|Any CPU.ActiveCfg = Release|Any CPU
		{5366A78D-FA91-45C0-B291-BFDF35D1BC21}.Release|Any CPU.Build.0 = Release|Any CPU
		{802B9AF3-5D6D-48B4-9C95-38F93D93A82E}.Debug|Any CPU.ActiveCfg = Debug|Any CPU
		{802B9AF3-5D6D-48B4-9C95-38F93D93A82E}.Debug|Any CPU.Build.0 = Debug|Any CPU
		{802B9AF3-5D6D-48B4-9C95-38F93D93A82E}.Release|Any CPU.ActiveCfg = Release|Any CPU
		{802B9AF3-5D6D-48B4-9C95-38F93D93A82E}.Release|Any CPU.Build.0 = Release|Any CPU
	EndGlobalSection
	GlobalSection(SolutionProperties) = preSolution
		HideSolutionNode = FALSE
	EndGlobalSection
	GlobalSection(ExtensibilityGlobals) = postSolution
		SolutionGuid = {52759B52-B32F-4D25-8A65-570C7480F8B5}
	EndGlobalSection
EndGlobal
